
Microsoft Visual Studio Solution File, Format Version 12.00
# Visual Studio 15
VisualStudioVersion = 15.0.28307.757
MinimumVisualStudioVersion = 10.0.40219.1
Project("{FAE04EC0-301F-11D3-BF4B-00C04F79EFBC}") = "CubeSatCommSim", "CubeSatCommSim\CubeSatCommSim.csproj", "{B5F47DD8-5BC0-4178-9395-39F13613AAA5}"
EndProject
Project("{FAE04EC0-301F-11D3-BF4B-00C04F79EFBC}") = "CubeSatCommSim_UnitTests", "CubeSatCommSim_UnitTests\CubeSatCommSim_UnitTests.csproj", "{8B3D80E1-3083-43C7-A366-F872C21ABA8F}"
EndProject
Project("{54435603-DBB4-11D2-8724-00A0C9A8B90C}") = "CubeSatCommSim_Setup", "CubeSatCommSim_Setup\CubeSatCommSim_Setup.vdproj", "{60A10052-A546-41F3-B0AD-3ED1A17B411E}"
EndProject
Global
	GlobalSection(SolutionConfigurationPlatforms) = preSolution
		Debug|Any CPU = Debug|Any CPU
		Release|Any CPU = Release|Any CPU
	EndGlobalSection
	GlobalSection(ProjectConfigurationPlatforms) = postSolution
		{B5F47DD8-5BC0-4178-9395-39F13613AAA5}.Debug|Any CPU.ActiveCfg = Debug|Any CPU
		{B5F47DD8-5BC0-4178-9395-39F13613AAA5}.Debug|Any CPU.Build.0 = Debug|Any CPU
		{B5F47DD8-5BC0-4178-9395-39F13613AAA5}.Release|Any CPU.ActiveCfg = Release|Any CPU
		{B5F47DD8-5BC0-4178-9395-39F13613AAA5}.Release|Any CPU.Build.0 = Release|Any CPU
		{8B3D80E1-3083-43C7-A366-F872C21ABA8F}.Debug|Any CPU.ActiveCfg = Debug|Any CPU
		{8B3D80E1-3083-43C7-A366-F872C21ABA8F}.Debug|Any CPU.Build.0 = Debug|Any CPU
		{8B3D80E1-3083-43C7-A366-F872C21ABA8F}.Release|Any CPU.ActiveCfg = Release|Any CPU
		{8B3D80E1-3083-43C7-A366-F872C21ABA8F}.Release|Any CPU.Build.0 = Release|Any CPU
		{60A10052-A546-41F3-B0AD-3ED1A17B411E}.Debug|Any CPU.ActiveCfg = Debug
		{60A10052-A546-41F3-B0AD-3ED1A17B411E}.Release|Any CPU.ActiveCfg = Release
	EndGlobalSection
	GlobalSection(SolutionProperties) = preSolution
		HideSolutionNode = FALSE
	EndGlobalSection
	GlobalSection(ExtensibilityGlobals) = postSolution
		SolutionGuid = {8E541BE6-F5C2-4C73-BBC0-8157E033B324}
	EndGlobalSection
EndGlobal
